// !$*UTF8*$!
{
	archiveVersion = 1;
	classes = {
	};
	objectVersion = 50;
	objects = {

/* Begin PBXBuildFile section */
		FD1D8F982572CAB000EBE877 /* GamesResponse.swift in Sources */ = {isa = PBXBuildFile; fileRef = FD1D8F972572CAB000EBE877 /* GamesResponse.swift */; };
		FD1D8F9D2572CAE700EBE877 /* BetViewsResponse.swift in Sources */ = {isa = PBXBuildFile; fileRef = FD1D8F9C2572CAE700EBE877 /* BetViewsResponse.swift */; };
		FD1D8FB12572D71400EBE877 /* UIViewController+AlertAdditions.swift in Sources */ = {isa = PBXBuildFile; fileRef = FD1D8FB02572D71400EBE877 /* UIViewController+AlertAdditions.swift */; };
		FD3850352573A87F00999EF8 /* BetView.swift in Sources */ = {isa = PBXBuildFile; fileRef = FD3850342573A87F00999EF8 /* BetView.swift */; };
		FD38503D2573A8D500999EF8 /* MarketCaption.swift in Sources */ = {isa = PBXBuildFile; fileRef = FD38503C2573A8D500999EF8 /* MarketCaption.swift */; };
		FD3850422573A8E600999EF8 /* Competition.swift in Sources */ = {isa = PBXBuildFile; fileRef = FD3850412573A8E600999EF8 /* Competition.swift */; };
		FD3850472573A8FF00999EF8 /* SportsEvent.swift in Sources */ = {isa = PBXBuildFile; fileRef = FD3850462573A8FF00999EF8 /* SportsEvent.swift */; };
		FD38504C2573A93100999EF8 /* Market.swift in Sources */ = {isa = PBXBuildFile; fileRef = FD38504B2573A93100999EF8 /* Market.swift */; };
		FD3850512573A93B00999EF8 /* BetItem.swift in Sources */ = {isa = PBXBuildFile; fileRef = FD3850502573A93B00999EF8 /* BetItem.swift */; };
		FD3850562573A95300999EF8 /* AdditionalCaptions.swift in Sources */ = {isa = PBXBuildFile; fileRef = FD3850552573A95300999EF8 /* AdditionalCaptions.swift */; };
		FD38505B2573A96600999EF8 /* LiveData.swift in Sources */ = {isa = PBXBuildFile; fileRef = FD38505A2573A96600999EF8 /* LiveData.swift */; };
		FD3850602573A97500999EF8 /* QuarterScore.swift in Sources */ = {isa = PBXBuildFile; fileRef = FD38505F2573A97500999EF8 /* QuarterScore.swift */; };
		FD816D0C257177B100E1EDE9 /* AppDelegate.swift in Sources */ = {isa = PBXBuildFile; fileRef = FD816D0B257177B100E1EDE9 /* AppDelegate.swift */; };
		FD816D15257177B400E1EDE9 /* Assets.xcassets in Resources */ = {isa = PBXBuildFile; fileRef = FD816D14257177B400E1EDE9 /* Assets.xcassets */; };
		FD816D18257177B400E1EDE9 /* LaunchScreen.storyboard in Resources */ = {isa = PBXBuildFile; fileRef = FD816D16257177B400E1EDE9 /* LaunchScreen.storyboard */; };
		FD816D23257177B400E1EDE9 /* NovibetAssignmentTests.swift in Sources */ = {isa = PBXBuildFile; fileRef = FD816D22257177B400E1EDE9 /* NovibetAssignmentTests.swift */; };
		FD816D2E257177B400E1EDE9 /* NovibetAssignmentUITests.swift in Sources */ = {isa = PBXBuildFile; fileRef = FD816D2D257177B400E1EDE9 /* NovibetAssignmentUITests.swift */; };
		FD816D412571782900E1EDE9 /* APIClient.swift in Sources */ = {isa = PBXBuildFile; fileRef = FD816D402571782900E1EDE9 /* APIClient.swift */; };
		FD816D492571783700E1EDE9 /* APIConfig.swift in Sources */ = {isa = PBXBuildFile; fileRef = FD816D482571783700E1EDE9 /* APIConfig.swift */; };
		FD816D4E2571784800E1EDE9 /* APIEnvironment.swift in Sources */ = {isa = PBXBuildFile; fileRef = FD816D4D2571784800E1EDE9 /* APIEnvironment.swift */; };
		FD816D532571785D00E1EDE9 /* URLSessionAPIClient.swift in Sources */ = {isa = PBXBuildFile; fileRef = FD816D522571785D00E1EDE9 /* URLSessionAPIClient.swift */; };
		FD816D59257178A100E1EDE9 /* NetworkStackError.swift in Sources */ = {isa = PBXBuildFile; fileRef = FD816D58257178A100E1EDE9 /* NetworkStackError.swift */; };
		FD816D61257178AD00E1EDE9 /* Endpoint.swift in Sources */ = {isa = PBXBuildFile; fileRef = FD816D60257178AD00E1EDE9 /* Endpoint.swift */; };
		FD816D6725717AF300E1EDE9 /* Parser.swift in Sources */ = {isa = PBXBuildFile; fileRef = FD816D6625717AF300E1EDE9 /* Parser.swift */; };
		FD816D6C25717B1500E1EDE9 /* JSONParser.swift in Sources */ = {isa = PBXBuildFile; fileRef = FD816D6B25717B1500E1EDE9 /* JSONParser.swift */; };
		FD816D7F25717CD600E1EDE9 /* LoginAPI.swift in Sources */ = {isa = PBXBuildFile; fileRef = FD816D7E25717CD600E1EDE9 /* LoginAPI.swift */; };
		FD816D8725717FBA00E1EDE9 /* Constants.swift in Sources */ = {isa = PBXBuildFile; fileRef = FD816D8625717FBA00E1EDE9 /* Constants.swift */; };
		FD816D8C2571804800E1EDE9 /* LoginResponse.swift in Sources */ = {isa = PBXBuildFile; fileRef = FD816D8B2571804800E1EDE9 /* LoginResponse.swift */; };
		FD816D92257180DE00E1EDE9 /* UserDefaults+AppAdditions.swift in Sources */ = {isa = PBXBuildFile; fileRef = FD816D91257180DE00E1EDE9 /* UserDefaults+AppAdditions.swift */; };
		FD816D9A257181B900E1EDE9 /* GamesAPI.swift in Sources */ = {isa = PBXBuildFile; fileRef = FD816D99257181B900E1EDE9 /* GamesAPI.swift */; };
		FD816DA02571836200E1EDE9 /* LoginService.swift in Sources */ = {isa = PBXBuildFile; fileRef = FD816D9F2571836200E1EDE9 /* LoginService.swift */; };
		FD816DAF2571841100E1EDE9 /* LoginPresenter.swift in Sources */ = {isa = PBXBuildFile; fileRef = FD816DA92571841100E1EDE9 /* LoginPresenter.swift */; };
		FD816DB12571841100E1EDE9 /* LoginRouter.swift in Sources */ = {isa = PBXBuildFile; fileRef = FD816DAB2571841100E1EDE9 /* LoginRouter.swift */; };
		FD816DB22571841100E1EDE9 /* LoginModels.swift in Sources */ = {isa = PBXBuildFile; fileRef = FD816DAC2571841100E1EDE9 /* LoginModels.swift */; };
		FD816DB32571841100E1EDE9 /* LoginViewController.swift in Sources */ = {isa = PBXBuildFile; fileRef = FD816DAD2571841100E1EDE9 /* LoginViewController.swift */; };
		FD816DB42571841100E1EDE9 /* LoginInteractor.swift in Sources */ = {isa = PBXBuildFile; fileRef = FD816DAE2571841100E1EDE9 /* LoginInteractor.swift */; };
		FD816DBC2571842100E1EDE9 /* Login.storyboard in Resources */ = {isa = PBXBuildFile; fileRef = FD816DBB2571842100E1EDE9 /* Login.storyboard */; };
		FD816DCF2571887A00E1EDE9 /* HomePresenter.swift in Sources */ = {isa = PBXBuildFile; fileRef = FD816DC92571887A00E1EDE9 /* HomePresenter.swift */; };
		FD816DD02571887A00E1EDE9 /* HomeWorker.swift in Sources */ = {isa = PBXBuildFile; fileRef = FD816DCA2571887A00E1EDE9 /* HomeWorker.swift */; };
		FD816DD22571887A00E1EDE9 /* HomeModels.swift in Sources */ = {isa = PBXBuildFile; fileRef = FD816DCC2571887A00E1EDE9 /* HomeModels.swift */; };
		FD816DD32571887A00E1EDE9 /* HomeViewController.swift in Sources */ = {isa = PBXBuildFile; fileRef = FD816DCD2571887A00E1EDE9 /* HomeViewController.swift */; };
		FD816DD42571887A00E1EDE9 /* HomeInteractor.swift in Sources */ = {isa = PBXBuildFile; fileRef = FD816DCE2571887A00E1EDE9 /* HomeInteractor.swift */; };
		FD816DDC2571888600E1EDE9 /* Home.storyboard in Resources */ = {isa = PBXBuildFile; fileRef = FD816DDB2571888600E1EDE9 /* Home.storyboard */; };
		FD816DE82571905C00E1EDE9 /* SessionWorker.swift in Sources */ = {isa = PBXBuildFile; fileRef = FD816DE72571905C00E1EDE9 /* SessionWorker.swift */; };
		FD816DF62571932700E1EDE9 /* GamesService.swift in Sources */ = {isa = PBXBuildFile; fileRef = FD816DF52571932700E1EDE9 /* GamesService.swift */; };
		FD816DFB2571936E00E1EDE9 /* HeadlinesService.swift in Sources */ = {isa = PBXBuildFile; fileRef = FD816DFA2571936E00E1EDE9 /* HeadlinesService.swift */; };
		FD816E05257193F400E1EDE9 /* HeadlinesResponse.swift in Sources */ = {isa = PBXBuildFile; fileRef = FD816E04257193F400E1EDE9 /* HeadlinesResponse.swift */; };
		FD816E0A257194DF00E1EDE9 /* HeadlinesAPI.swift in Sources */ = {isa = PBXBuildFile; fileRef = FD816E09257194DF00E1EDE9 /* HeadlinesAPI.swift */; };
		FD816E1425724F2A00E1EDE9 /* Game.swift in Sources */ = {isa = PBXBuildFile; fileRef = FD816E1325724F2A00E1EDE9 /* Game.swift */; };
		FD816E1925724F3300E1EDE9 /* Headline.swift in Sources */ = {isa = PBXBuildFile; fileRef = FD816E1825724F3300E1EDE9 /* Headline.swift */; };
		FD816E2425725DBB00E1EDE9 /* HeadlineTableViewCell.swift in Sources */ = {isa = PBXBuildFile; fileRef = FD816E2325725DBB00E1EDE9 /* HeadlineTableViewCell.swift */; };
		FD816E2C25725DC800E1EDE9 /* GameTableViewCell.swift in Sources */ = {isa = PBXBuildFile; fileRef = FD816E2B25725DC800E1EDE9 /* GameTableViewCell.swift */; };
		FD816E3125725DD900E1EDE9 /* HeadlineCollectionViewCell.swift in Sources */ = {isa = PBXBuildFile; fileRef = FD816E3025725DD900E1EDE9 /* HeadlineCollectionViewCell.swift */; };
		FD816E3625725F3800E1EDE9 /* Class+Name.swift in Sources */ = {isa = PBXBuildFile; fileRef = FD816E3525725F3800E1EDE9 /* Class+Name.swift */; };
		FDD225372572F73B008F52A5 /* CenteredCollectionViewFlowLayout.swift in Sources */ = {isa = PBXBuildFile; fileRef = FDD225362572F73B008F52A5 /* CenteredCollectionViewFlowLayout.swift */; };
		FDD4FDE92572BBAB00942611 /* RoundedView.swift in Sources */ = {isa = PBXBuildFile; fileRef = FDD4FDE82572BBAB00942611 /* RoundedView.swift */; };
		FDD4FDF12572BC5A00942611 /* UIView+AppAdditions.swift in Sources */ = {isa = PBXBuildFile; fileRef = FDD4FDF02572BC5A00942611 /* UIView+AppAdditions.swift */; };
/* End PBXBuildFile section */

/* Begin PBXContainerItemProxy section */
		FD816D1F257177B400E1EDE9 /* PBXContainerItemProxy */ = {
			isa = PBXContainerItemProxy;
			containerPortal = FD816D00257177B100E1EDE9 /* Project object */;
			proxyType = 1;
			remoteGlobalIDString = FD816D07257177B100E1EDE9;
			remoteInfo = NovibetAssignment;
		};
		FD816D2A257177B400E1EDE9 /* PBXContainerItemProxy */ = {
			isa = PBXContainerItemProxy;
			containerPortal = FD816D00257177B100E1EDE9 /* Project object */;
			proxyType = 1;
			remoteGlobalIDString = FD816D07257177B100E1EDE9;
			remoteInfo = NovibetAssignment;
		};
/* End PBXContainerItemProxy section */

/* Begin PBXFileReference section */
		FD1D8F972572CAB000EBE877 /* GamesResponse.swift */ = {isa = PBXFileReference; lastKnownFileType = sourcecode.swift; path = GamesResponse.swift; sourceTree = "<group>"; };
		FD1D8F9C2572CAE700EBE877 /* BetViewsResponse.swift */ = {isa = PBXFileReference; lastKnownFileType = sourcecode.swift; path = BetViewsResponse.swift; sourceTree = "<group>"; };
		FD1D8FB02572D71400EBE877 /* UIViewController+AlertAdditions.swift */ = {isa = PBXFileReference; lastKnownFileType = sourcecode.swift; path = "UIViewController+AlertAdditions.swift"; sourceTree = "<group>"; };
		FD3850342573A87F00999EF8 /* BetView.swift */ = {isa = PBXFileReference; lastKnownFileType = sourcecode.swift; path = BetView.swift; sourceTree = "<group>"; };
		FD38503C2573A8D500999EF8 /* MarketCaption.swift */ = {isa = PBXFileReference; lastKnownFileType = sourcecode.swift; path = MarketCaption.swift; sourceTree = "<group>"; };
		FD3850412573A8E600999EF8 /* Competition.swift */ = {isa = PBXFileReference; lastKnownFileType = sourcecode.swift; path = Competition.swift; sourceTree = "<group>"; };
		FD3850462573A8FF00999EF8 /* SportsEvent.swift */ = {isa = PBXFileReference; lastKnownFileType = sourcecode.swift; path = SportsEvent.swift; sourceTree = "<group>"; };
		FD38504B2573A93100999EF8 /* Market.swift */ = {isa = PBXFileReference; lastKnownFileType = sourcecode.swift; path = Market.swift; sourceTree = "<group>"; };
		FD3850502573A93B00999EF8 /* BetItem.swift */ = {isa = PBXFileReference; lastKnownFileType = sourcecode.swift; path = BetItem.swift; sourceTree = "<group>"; };
		FD3850552573A95300999EF8 /* AdditionalCaptions.swift */ = {isa = PBXFileReference; lastKnownFileType = sourcecode.swift; path = AdditionalCaptions.swift; sourceTree = "<group>"; };
		FD38505A2573A96600999EF8 /* LiveData.swift */ = {isa = PBXFileReference; lastKnownFileType = sourcecode.swift; path = LiveData.swift; sourceTree = "<group>"; };
		FD38505F2573A97500999EF8 /* QuarterScore.swift */ = {isa = PBXFileReference; lastKnownFileType = sourcecode.swift; path = QuarterScore.swift; sourceTree = "<group>"; };
		FD816D08257177B100E1EDE9 /* NovibetAssignment.app */ = {isa = PBXFileReference; explicitFileType = wrapper.application; includeInIndex = 0; path = NovibetAssignment.app; sourceTree = BUILT_PRODUCTS_DIR; };
		FD816D0B257177B100E1EDE9 /* AppDelegate.swift */ = {isa = PBXFileReference; lastKnownFileType = sourcecode.swift; path = AppDelegate.swift; sourceTree = "<group>"; };
		FD816D14257177B400E1EDE9 /* Assets.xcassets */ = {isa = PBXFileReference; lastKnownFileType = folder.assetcatalog; path = Assets.xcassets; sourceTree = "<group>"; };
		FD816D17257177B400E1EDE9 /* Base */ = {isa = PBXFileReference; lastKnownFileType = file.storyboard; name = Base; path = Base.lproj/LaunchScreen.storyboard; sourceTree = "<group>"; };
		FD816D19257177B400E1EDE9 /* Info.plist */ = {isa = PBXFileReference; lastKnownFileType = text.plist.xml; path = Info.plist; sourceTree = "<group>"; };
		FD816D1E257177B400E1EDE9 /* NovibetAssignmentTests.xctest */ = {isa = PBXFileReference; explicitFileType = wrapper.cfbundle; includeInIndex = 0; path = NovibetAssignmentTests.xctest; sourceTree = BUILT_PRODUCTS_DIR; };
		FD816D22257177B400E1EDE9 /* NovibetAssignmentTests.swift */ = {isa = PBXFileReference; lastKnownFileType = sourcecode.swift; path = NovibetAssignmentTests.swift; sourceTree = "<group>"; };
		FD816D24257177B400E1EDE9 /* Info.plist */ = {isa = PBXFileReference; lastKnownFileType = text.plist.xml; path = Info.plist; sourceTree = "<group>"; };
		FD816D29257177B400E1EDE9 /* NovibetAssignmentUITests.xctest */ = {isa = PBXFileReference; explicitFileType = wrapper.cfbundle; includeInIndex = 0; path = NovibetAssignmentUITests.xctest; sourceTree = BUILT_PRODUCTS_DIR; };
		FD816D2D257177B400E1EDE9 /* NovibetAssignmentUITests.swift */ = {isa = PBXFileReference; lastKnownFileType = sourcecode.swift; path = NovibetAssignmentUITests.swift; sourceTree = "<group>"; };
		FD816D2F257177B400E1EDE9 /* Info.plist */ = {isa = PBXFileReference; lastKnownFileType = text.plist.xml; path = Info.plist; sourceTree = "<group>"; };
		FD816D402571782900E1EDE9 /* APIClient.swift */ = {isa = PBXFileReference; lastKnownFileType = sourcecode.swift; path = APIClient.swift; sourceTree = "<group>"; };
		FD816D482571783700E1EDE9 /* APIConfig.swift */ = {isa = PBXFileReference; lastKnownFileType = sourcecode.swift; path = APIConfig.swift; sourceTree = "<group>"; };
		FD816D4D2571784800E1EDE9 /* APIEnvironment.swift */ = {isa = PBXFileReference; lastKnownFileType = sourcecode.swift; path = APIEnvironment.swift; sourceTree = "<group>"; };
		FD816D522571785D00E1EDE9 /* URLSessionAPIClient.swift */ = {isa = PBXFileReference; lastKnownFileType = sourcecode.swift; path = URLSessionAPIClient.swift; sourceTree = "<group>"; };
		FD816D58257178A100E1EDE9 /* NetworkStackError.swift */ = {isa = PBXFileReference; lastKnownFileType = sourcecode.swift; path = NetworkStackError.swift; sourceTree = "<group>"; };
		FD816D60257178AD00E1EDE9 /* Endpoint.swift */ = {isa = PBXFileReference; lastKnownFileType = sourcecode.swift; path = Endpoint.swift; sourceTree = "<group>"; };
		FD816D6625717AF300E1EDE9 /* Parser.swift */ = {isa = PBXFileReference; lastKnownFileType = sourcecode.swift; path = Parser.swift; sourceTree = "<group>"; };
		FD816D6B25717B1500E1EDE9 /* JSONParser.swift */ = {isa = PBXFileReference; lastKnownFileType = sourcecode.swift; path = JSONParser.swift; sourceTree = "<group>"; };
		FD816D7E25717CD600E1EDE9 /* LoginAPI.swift */ = {isa = PBXFileReference; lastKnownFileType = sourcecode.swift; path = LoginAPI.swift; sourceTree = "<group>"; };
		FD816D8625717FBA00E1EDE9 /* Constants.swift */ = {isa = PBXFileReference; lastKnownFileType = sourcecode.swift; path = Constants.swift; sourceTree = "<group>"; };
		FD816D8B2571804800E1EDE9 /* LoginResponse.swift */ = {isa = PBXFileReference; lastKnownFileType = sourcecode.swift; path = LoginResponse.swift; sourceTree = "<group>"; };
		FD816D91257180DE00E1EDE9 /* UserDefaults+AppAdditions.swift */ = {isa = PBXFileReference; lastKnownFileType = sourcecode.swift; path = "UserDefaults+AppAdditions.swift"; sourceTree = "<group>"; };
		FD816D99257181B900E1EDE9 /* GamesAPI.swift */ = {isa = PBXFileReference; lastKnownFileType = sourcecode.swift; path = GamesAPI.swift; sourceTree = "<group>"; };
		FD816D9F2571836200E1EDE9 /* LoginService.swift */ = {isa = PBXFileReference; lastKnownFileType = sourcecode.swift; path = LoginService.swift; sourceTree = "<group>"; };
		FD816DA92571841100E1EDE9 /* LoginPresenter.swift */ = {isa = PBXFileReference; lastKnownFileType = sourcecode.swift; path = LoginPresenter.swift; sourceTree = "<group>"; };
		FD816DAB2571841100E1EDE9 /* LoginRouter.swift */ = {isa = PBXFileReference; lastKnownFileType = sourcecode.swift; path = LoginRouter.swift; sourceTree = "<group>"; };
		FD816DAC2571841100E1EDE9 /* LoginModels.swift */ = {isa = PBXFileReference; lastKnownFileType = sourcecode.swift; path = LoginModels.swift; sourceTree = "<group>"; };
		FD816DAD2571841100E1EDE9 /* LoginViewController.swift */ = {isa = PBXFileReference; lastKnownFileType = sourcecode.swift; path = LoginViewController.swift; sourceTree = "<group>"; };
		FD816DAE2571841100E1EDE9 /* LoginInteractor.swift */ = {isa = PBXFileReference; lastKnownFileType = sourcecode.swift; path = LoginInteractor.swift; sourceTree = "<group>"; };
		FD816DBB2571842100E1EDE9 /* Login.storyboard */ = {isa = PBXFileReference; lastKnownFileType = file.storyboard; path = Login.storyboard; sourceTree = "<group>"; };
		FD816DC92571887A00E1EDE9 /* HomePresenter.swift */ = {isa = PBXFileReference; lastKnownFileType = sourcecode.swift; path = HomePresenter.swift; sourceTree = "<group>"; };
		FD816DCA2571887A00E1EDE9 /* HomeWorker.swift */ = {isa = PBXFileReference; lastKnownFileType = sourcecode.swift; path = HomeWorker.swift; sourceTree = "<group>"; };
		FD816DCC2571887A00E1EDE9 /* HomeModels.swift */ = {isa = PBXFileReference; lastKnownFileType = sourcecode.swift; path = HomeModels.swift; sourceTree = "<group>"; };
		FD816DCD2571887A00E1EDE9 /* HomeViewController.swift */ = {isa = PBXFileReference; lastKnownFileType = sourcecode.swift; path = HomeViewController.swift; sourceTree = "<group>"; };
		FD816DCE2571887A00E1EDE9 /* HomeInteractor.swift */ = {isa = PBXFileReference; lastKnownFileType = sourcecode.swift; path = HomeInteractor.swift; sourceTree = "<group>"; };
		FD816DDB2571888600E1EDE9 /* Home.storyboard */ = {isa = PBXFileReference; lastKnownFileType = file.storyboard; path = Home.storyboard; sourceTree = "<group>"; };
		FD816DE72571905C00E1EDE9 /* SessionWorker.swift */ = {isa = PBXFileReference; lastKnownFileType = sourcecode.swift; path = SessionWorker.swift; sourceTree = "<group>"; };
		FD816DF52571932700E1EDE9 /* GamesService.swift */ = {isa = PBXFileReference; lastKnownFileType = sourcecode.swift; path = GamesService.swift; sourceTree = "<group>"; };
		FD816DFA2571936E00E1EDE9 /* HeadlinesService.swift */ = {isa = PBXFileReference; lastKnownFileType = sourcecode.swift; path = HeadlinesService.swift; sourceTree = "<group>"; };
		FD816E04257193F400E1EDE9 /* HeadlinesResponse.swift */ = {isa = PBXFileReference; lastKnownFileType = sourcecode.swift; path = HeadlinesResponse.swift; sourceTree = "<group>"; };
		FD816E09257194DF00E1EDE9 /* HeadlinesAPI.swift */ = {isa = PBXFileReference; lastKnownFileType = sourcecode.swift; path = HeadlinesAPI.swift; sourceTree = "<group>"; };
		FD816E1325724F2A00E1EDE9 /* Game.swift */ = {isa = PBXFileReference; lastKnownFileType = sourcecode.swift; path = Game.swift; sourceTree = "<group>"; };
		FD816E1825724F3300E1EDE9 /* Headline.swift */ = {isa = PBXFileReference; lastKnownFileType = sourcecode.swift; path = Headline.swift; sourceTree = "<group>"; };
		FD816E2325725DBB00E1EDE9 /* HeadlineTableViewCell.swift */ = {isa = PBXFileReference; lastKnownFileType = sourcecode.swift; path = HeadlineTableViewCell.swift; sourceTree = "<group>"; };
		FD816E2B25725DC800E1EDE9 /* GameTableViewCell.swift */ = {isa = PBXFileReference; lastKnownFileType = sourcecode.swift; path = GameTableViewCell.swift; sourceTree = "<group>"; };
		FD816E3025725DD900E1EDE9 /* HeadlineCollectionViewCell.swift */ = {isa = PBXFileReference; lastKnownFileType = sourcecode.swift; path = HeadlineCollectionViewCell.swift; sourceTree = "<group>"; };
		FD816E3525725F3800E1EDE9 /* Class+Name.swift */ = {isa = PBXFileReference; lastKnownFileType = sourcecode.swift; path = "Class+Name.swift"; sourceTree = "<group>"; };
		FDD225362572F73B008F52A5 /* CenteredCollectionViewFlowLayout.swift */ = {isa = PBXFileReference; lastKnownFileType = sourcecode.swift; path = CenteredCollectionViewFlowLayout.swift; sourceTree = "<group>"; };
		FDD4FDE82572BBAB00942611 /* RoundedView.swift */ = {isa = PBXFileReference; lastKnownFileType = sourcecode.swift; path = RoundedView.swift; sourceTree = "<group>"; };
		FDD4FDF02572BC5A00942611 /* UIView+AppAdditions.swift */ = {isa = PBXFileReference; lastKnownFileType = sourcecode.swift; path = "UIView+AppAdditions.swift"; sourceTree = "<group>"; };
/* End PBXFileReference section */

/* Begin PBXFrameworksBuildPhase section */
		FD816D05257177B100E1EDE9 /* Frameworks */ = {
			isa = PBXFrameworksBuildPhase;
			buildActionMask = 2147483647;
			files = (
			);
			runOnlyForDeploymentPostprocessing = 0;
		};
		FD816D1B257177B400E1EDE9 /* Frameworks */ = {
			isa = PBXFrameworksBuildPhase;
			buildActionMask = 2147483647;
			files = (
			);
			runOnlyForDeploymentPostprocessing = 0;
		};
		FD816D26257177B400E1EDE9 /* Frameworks */ = {
			isa = PBXFrameworksBuildPhase;
			buildActionMask = 2147483647;
			files = (
			);
			runOnlyForDeploymentPostprocessing = 0;
		};
/* End PBXFrameworksBuildPhase section */

/* Begin PBXGroup section */
		FD816CFF257177B100E1EDE9 = {
			isa = PBXGroup;
			children = (
				FD816D0A257177B100E1EDE9 /* NovibetAssignment */,
				FD816D21257177B400E1EDE9 /* NovibetAssignmentTests */,
				FD816D2C257177B400E1EDE9 /* NovibetAssignmentUITests */,
				FD816D09257177B100E1EDE9 /* Products */,
			);
			sourceTree = "<group>";
		};
		FD816D09257177B100E1EDE9 /* Products */ = {
			isa = PBXGroup;
			children = (
				FD816D08257177B100E1EDE9 /* NovibetAssignment.app */,
				FD816D1E257177B400E1EDE9 /* NovibetAssignmentTests.xctest */,
				FD816D29257177B400E1EDE9 /* NovibetAssignmentUITests.xctest */,
			);
			name = Products;
			sourceTree = "<group>";
		};
		FD816D0A257177B100E1EDE9 /* NovibetAssignment */ = {
			isa = PBXGroup;
			children = (
				FD816D7425717C4200E1EDE9 /* Scenes */,
				FD816DE62571904C00E1EDE9 /* Common workers */,
				FD816D7325717C3500E1EDE9 /* Models */,
				FD816E2025725D8100E1EDE9 /* Views */,
				FD816D3E2571781300E1EDE9 /* Services */,
				FD816D0B257177B100E1EDE9 /* AppDelegate.swift */,
				FD816D14257177B400E1EDE9 /* Assets.xcassets */,
				FD816D16257177B400E1EDE9 /* LaunchScreen.storyboard */,
				FD816D19257177B400E1EDE9 /* Info.plist */,
				FD816D8625717FBA00E1EDE9 /* Constants.swift */,
				FD816D90257180B300E1EDE9 /* Extentions */,
			);
			path = NovibetAssignment;
			sourceTree = "<group>";
		};
		FD816D21257177B400E1EDE9 /* NovibetAssignmentTests */ = {
			isa = PBXGroup;
			children = (
				FD816D22257177B400E1EDE9 /* NovibetAssignmentTests.swift */,
				FD816D24257177B400E1EDE9 /* Info.plist */,
			);
			path = NovibetAssignmentTests;
			sourceTree = "<group>";
		};
		FD816D2C257177B400E1EDE9 /* NovibetAssignmentUITests */ = {
			isa = PBXGroup;
			children = (
				FD816D2D257177B400E1EDE9 /* NovibetAssignmentUITests.swift */,
				FD816D2F257177B400E1EDE9 /* Info.plist */,
			);
			path = NovibetAssignmentUITests;
			sourceTree = "<group>";
		};
		FD816D3E2571781300E1EDE9 /* Services */ = {
			isa = PBXGroup;
			children = (
				FD816D3F2571781A00E1EDE9 /* API */,
				FD816D6525717ACF00E1EDE9 /* Parser */,
			);
			path = Services;
			sourceTree = "<group>";
		};
		FD816D3F2571781A00E1EDE9 /* API */ = {
			isa = PBXGroup;
			children = (
				FD816D402571782900E1EDE9 /* APIClient.swift */,
				FD816D482571783700E1EDE9 /* APIConfig.swift */,
				FD816D4D2571784800E1EDE9 /* APIEnvironment.swift */,
				FD816D522571785D00E1EDE9 /* URLSessionAPIClient.swift */,
				FD816D9E2571831400E1EDE9 /* Services */,
				FD816D7D25717CC900E1EDE9 /* Endpoints */,
				FD816D572571789200E1EDE9 /* Models */,
			);
			path = API;
			sourceTree = "<group>";
		};
		FD816D572571789200E1EDE9 /* Models */ = {
			isa = PBXGroup;
			children = (
				FD816D58257178A100E1EDE9 /* NetworkStackError.swift */,
				FD816D60257178AD00E1EDE9 /* Endpoint.swift */,
			);
			path = Models;
			sourceTree = "<group>";
		};
		FD816D6525717ACF00E1EDE9 /* Parser */ = {
			isa = PBXGroup;
			children = (
				FD816D6625717AF300E1EDE9 /* Parser.swift */,
				FD816D6B25717B1500E1EDE9 /* JSONParser.swift */,
			);
			path = Parser;
			sourceTree = "<group>";
		};
		FD816D7325717C3500E1EDE9 /* Models */ = {
			isa = PBXGroup;
			children = (
				FD816E0F25724A1500E1EDE9 /* BOs */,
				FD816E0E25724A0D00E1EDE9 /* Responses */,
			);
			path = Models;
			sourceTree = "<group>";
		};
		FD816D7425717C4200E1EDE9 /* Scenes */ = {
			isa = PBXGroup;
			children = (
				FD816DA7257183EC00E1EDE9 /* Login */,
				FD816DA8257183F500E1EDE9 /* Home */,
			);
			path = Scenes;
			sourceTree = "<group>";
		};
		FD816D7D25717CC900E1EDE9 /* Endpoints */ = {
			isa = PBXGroup;
			children = (
				FD816D7E25717CD600E1EDE9 /* LoginAPI.swift */,
				FD816D99257181B900E1EDE9 /* GamesAPI.swift */,
				FD816E09257194DF00E1EDE9 /* HeadlinesAPI.swift */,
			);
			path = Endpoints;
			sourceTree = "<group>";
		};
		FD816D90257180B300E1EDE9 /* Extentions */ = {
			isa = PBXGroup;
			children = (
				FD816E3525725F3800E1EDE9 /* Class+Name.swift */,
				FD816D91257180DE00E1EDE9 /* UserDefaults+AppAdditions.swift */,
				FDD4FDF02572BC5A00942611 /* UIView+AppAdditions.swift */,
				FD1D8FB02572D71400EBE877 /* UIViewController+AlertAdditions.swift */,
			);
			path = Extentions;
			sourceTree = "<group>";
		};
		FD816D9E2571831400E1EDE9 /* Services */ = {
			isa = PBXGroup;
			children = (
				FD816D9F2571836200E1EDE9 /* LoginService.swift */,
				FD816DF52571932700E1EDE9 /* GamesService.swift */,
				FD816DFA2571936E00E1EDE9 /* HeadlinesService.swift */,
			);
			path = Services;
			sourceTree = "<group>";
		};
		FD816DA7257183EC00E1EDE9 /* Login */ = {
			isa = PBXGroup;
			children = (
				FD816DBB2571842100E1EDE9 /* Login.storyboard */,
				FD816DAD2571841100E1EDE9 /* LoginViewController.swift */,
				FD816DAE2571841100E1EDE9 /* LoginInteractor.swift */,
				FD816DA92571841100E1EDE9 /* LoginPresenter.swift */,
				FD816DAC2571841100E1EDE9 /* LoginModels.swift */,
				FD816DAB2571841100E1EDE9 /* LoginRouter.swift */,
			);
			path = Login;
			sourceTree = "<group>";
		};
		FD816DA8257183F500E1EDE9 /* Home */ = {
			isa = PBXGroup;
			children = (
				FD816DDB2571888600E1EDE9 /* Home.storyboard */,
				FD816DCD2571887A00E1EDE9 /* HomeViewController.swift */,
				FD816DCE2571887A00E1EDE9 /* HomeInteractor.swift */,
				FD816DC92571887A00E1EDE9 /* HomePresenter.swift */,
				FD816DCA2571887A00E1EDE9 /* HomeWorker.swift */,
				FD816DCC2571887A00E1EDE9 /* HomeModels.swift */,
			);
			path = Home;
			sourceTree = "<group>";
		};
		FD816DE62571904C00E1EDE9 /* Common workers */ = {
			isa = PBXGroup;
			children = (
				FD816DE72571905C00E1EDE9 /* SessionWorker.swift */,
			);
			path = "Common workers";
			sourceTree = "<group>";
		};
		FD816E0E25724A0D00E1EDE9 /* Responses */ = {
			isa = PBXGroup;
			children = (
				FD816D8B2571804800E1EDE9 /* LoginResponse.swift */,
				FD816E04257193F400E1EDE9 /* HeadlinesResponse.swift */,
				FD1D8F972572CAB000EBE877 /* GamesResponse.swift */,
				FD1D8F9C2572CAE700EBE877 /* BetViewsResponse.swift */,
			);
			path = Responses;
			sourceTree = "<group>";
		};
		FD816E0F25724A1500E1EDE9 /* BOs */ = {
			isa = PBXGroup;
			children = (
				FD816E1325724F2A00E1EDE9 /* Game.swift */,
				FD816E1825724F3300E1EDE9 /* Headline.swift */,
				FD3850342573A87F00999EF8 /* BetView.swift */,
				FD38503C2573A8D500999EF8 /* MarketCaption.swift */,
				FD3850412573A8E600999EF8 /* Competition.swift */,
				FD3850462573A8FF00999EF8 /* SportsEvent.swift */,
				FD38504B2573A93100999EF8 /* Market.swift */,
				FD3850502573A93B00999EF8 /* BetItem.swift */,
				FD3850552573A95300999EF8 /* AdditionalCaptions.swift */,
				FD38505A2573A96600999EF8 /* LiveData.swift */,
				FD38505F2573A97500999EF8 /* QuarterScore.swift */,
			);
			path = BOs;
			sourceTree = "<group>";
		};
		FD816E2025725D8100E1EDE9 /* Views */ = {
			isa = PBXGroup;
			children = (
				FDD4FDE72572BA8600942611 /* View */,
				FD816E2225725D9C00E1EDE9 /* CollectionView cells */,
				FD816E2125725D9100E1EDE9 /* TableView cells */,
			);
			path = Views;
			sourceTree = "<group>";
		};
		FD816E2125725D9100E1EDE9 /* TableView cells */ = {
			isa = PBXGroup;
			children = (
				FD816E2325725DBB00E1EDE9 /* HeadlineTableViewCell.swift */,
				FD816E2B25725DC800E1EDE9 /* GameTableViewCell.swift */,
			);
			path = "TableView cells";
			sourceTree = "<group>";
		};
		FD816E2225725D9C00E1EDE9 /* CollectionView cells */ = {
			isa = PBXGroup;
			children = (
				FD816E3025725DD900E1EDE9 /* HeadlineCollectionViewCell.swift */,
			);
			path = "CollectionView cells";
			sourceTree = "<group>";
		};
		FDD4FDE72572BA8600942611 /* View */ = {
			isa = PBXGroup;
			children = (
				FDD4FDE82572BBAB00942611 /* RoundedView.swift */,
				FDD225362572F73B008F52A5 /* CenteredCollectionViewFlowLayout.swift */,
			);
			path = View;
			sourceTree = "<group>";
		};
/* End PBXGroup section */

/* Begin PBXNativeTarget section */
		FD816D07257177B100E1EDE9 /* NovibetAssignment */ = {
			isa = PBXNativeTarget;
			buildConfigurationList = FD816D32257177B400E1EDE9 /* Build configuration list for PBXNativeTarget "NovibetAssignment" */;
			buildPhases = (
				FD816D04257177B100E1EDE9 /* Sources */,
				FD816D05257177B100E1EDE9 /* Frameworks */,
				FD816D06257177B100E1EDE9 /* Resources */,
			);
			buildRules = (
			);
			dependencies = (
			);
			name = NovibetAssignment;
			productName = NovibetAssignment;
			productReference = FD816D08257177B100E1EDE9 /* NovibetAssignment.app */;
			productType = "com.apple.product-type.application";
		};
		FD816D1D257177B400E1EDE9 /* NovibetAssignmentTests */ = {
			isa = PBXNativeTarget;
			buildConfigurationList = FD816D35257177B400E1EDE9 /* Build configuration list for PBXNativeTarget "NovibetAssignmentTests" */;
			buildPhases = (
				FD816D1A257177B400E1EDE9 /* Sources */,
				FD816D1B257177B400E1EDE9 /* Frameworks */,
				FD816D1C257177B400E1EDE9 /* Resources */,
			);
			buildRules = (
			);
			dependencies = (
				FD816D20257177B400E1EDE9 /* PBXTargetDependency */,
			);
			name = NovibetAssignmentTests;
			productName = NovibetAssignmentTests;
			productReference = FD816D1E257177B400E1EDE9 /* NovibetAssignmentTests.xctest */;
			productType = "com.apple.product-type.bundle.unit-test";
		};
		FD816D28257177B400E1EDE9 /* NovibetAssignmentUITests */ = {
			isa = PBXNativeTarget;
			buildConfigurationList = FD816D38257177B400E1EDE9 /* Build configuration list for PBXNativeTarget "NovibetAssignmentUITests" */;
			buildPhases = (
				FD816D25257177B400E1EDE9 /* Sources */,
				FD816D26257177B400E1EDE9 /* Frameworks */,
				FD816D27257177B400E1EDE9 /* Resources */,
			);
			buildRules = (
			);
			dependencies = (
				FD816D2B257177B400E1EDE9 /* PBXTargetDependency */,
			);
			name = NovibetAssignmentUITests;
			productName = NovibetAssignmentUITests;
			productReference = FD816D29257177B400E1EDE9 /* NovibetAssignmentUITests.xctest */;
			productType = "com.apple.product-type.bundle.ui-testing";
		};
/* End PBXNativeTarget section */

/* Begin PBXProject section */
		FD816D00257177B100E1EDE9 /* Project object */ = {
			isa = PBXProject;
			attributes = {
				LastSwiftUpdateCheck = 1220;
				LastUpgradeCheck = 1220;
				TargetAttributes = {
					FD816D07257177B100E1EDE9 = {
						CreatedOnToolsVersion = 12.2;
					};
					FD816D1D257177B400E1EDE9 = {
						CreatedOnToolsVersion = 12.2;
						TestTargetID = FD816D07257177B100E1EDE9;
					};
					FD816D28257177B400E1EDE9 = {
						CreatedOnToolsVersion = 12.2;
						TestTargetID = FD816D07257177B100E1EDE9;
					};
				};
			};
			buildConfigurationList = FD816D03257177B100E1EDE9 /* Build configuration list for PBXProject "NovibetAssignment" */;
			compatibilityVersion = "Xcode 9.3";
			developmentRegion = en;
			hasScannedForEncodings = 0;
			knownRegions = (
				en,
				Base,
			);
			mainGroup = FD816CFF257177B100E1EDE9;
			productRefGroup = FD816D09257177B100E1EDE9 /* Products */;
			projectDirPath = "";
			projectRoot = "";
			targets = (
				FD816D07257177B100E1EDE9 /* NovibetAssignment */,
				FD816D1D257177B400E1EDE9 /* NovibetAssignmentTests */,
				FD816D28257177B400E1EDE9 /* NovibetAssignmentUITests */,
			);
		};
/* End PBXProject section */

/* Begin PBXResourcesBuildPhase section */
		FD816D06257177B100E1EDE9 /* Resources */ = {
			isa = PBXResourcesBuildPhase;
			buildActionMask = 2147483647;
			files = (
				FD816DBC2571842100E1EDE9 /* Login.storyboard in Resources */,
				FD816DDC2571888600E1EDE9 /* Home.storyboard in Resources */,
				FD816D18257177B400E1EDE9 /* LaunchScreen.storyboard in Resources */,
				FD816D15257177B400E1EDE9 /* Assets.xcassets in Resources */,
			);
			runOnlyForDeploymentPostprocessing = 0;
		};
		FD816D1C257177B400E1EDE9 /* Resources */ = {
			isa = PBXResourcesBuildPhase;
			buildActionMask = 2147483647;
			files = (
			);
			runOnlyForDeploymentPostprocessing = 0;
		};
		FD816D27257177B400E1EDE9 /* Resources */ = {
			isa = PBXResourcesBuildPhase;
			buildActionMask = 2147483647;
			files = (
			);
			runOnlyForDeploymentPostprocessing = 0;
		};
/* End PBXResourcesBuildPhase section */

/* Begin PBXSourcesBuildPhase section */
		FD816D04257177B100E1EDE9 /* Sources */ = {
			isa = PBXSourcesBuildPhase;
			buildActionMask = 2147483647;
			files = (
				FD1D8FB12572D71400EBE877 /* UIViewController+AlertAdditions.swift in Sources */,
				FD3850352573A87F00999EF8 /* BetView.swift in Sources */,
				FD816D61257178AD00E1EDE9 /* Endpoint.swift in Sources */,
				FD816D6725717AF300E1EDE9 /* Parser.swift in Sources */,
				FD816E1425724F2A00E1EDE9 /* Game.swift in Sources */,
				FD816DB32571841100E1EDE9 /* LoginViewController.swift in Sources */,
				FD816D6C25717B1500E1EDE9 /* JSONParser.swift in Sources */,
				FD816DAF2571841100E1EDE9 /* LoginPresenter.swift in Sources */,
				FD38504C2573A93100999EF8 /* Market.swift in Sources */,
				FD816DB12571841100E1EDE9 /* LoginRouter.swift in Sources */,
				FD816D0C257177B100E1EDE9 /* AppDelegate.swift in Sources */,
				FD816E2425725DBB00E1EDE9 /* HeadlineTableViewCell.swift in Sources */,
				FD1D8F982572CAB000EBE877 /* GamesResponse.swift in Sources */,
				FD816DB22571841100E1EDE9 /* LoginModels.swift in Sources */,
				FD816D4E2571784800E1EDE9 /* APIEnvironment.swift in Sources */,
				FDD225372572F73B008F52A5 /* CenteredCollectionViewFlowLayout.swift in Sources */,
				FD816DD42571887A00E1EDE9 /* HomeInteractor.swift in Sources */,
				FD38503D2573A8D500999EF8 /* MarketCaption.swift in Sources */,
				FD3850472573A8FF00999EF8 /* SportsEvent.swift in Sources */,
				FD816D7F25717CD600E1EDE9 /* LoginAPI.swift in Sources */,
				FD816D9A257181B900E1EDE9 /* GamesAPI.swift in Sources */,
				FDD4FDF12572BC5A00942611 /* UIView+AppAdditions.swift in Sources */,
				FD816E3125725DD900E1EDE9 /* HeadlineCollectionViewCell.swift in Sources */,
				FD816DF62571932700E1EDE9 /* GamesService.swift in Sources */,
				FD816D59257178A100E1EDE9 /* NetworkStackError.swift in Sources */,
				FD816E1925724F3300E1EDE9 /* Headline.swift in Sources */,
				FD816DFB2571936E00E1EDE9 /* HeadlinesService.swift in Sources */,
				FD38505B2573A96600999EF8 /* LiveData.swift in Sources */,
				FD816D412571782900E1EDE9 /* APIClient.swift in Sources */,
				FD816DCF2571887A00E1EDE9 /* HomePresenter.swift in Sources */,
				FD1D8F9D2572CAE700EBE877 /* BetViewsResponse.swift in Sources */,
				FD816D8725717FBA00E1EDE9 /* Constants.swift in Sources */,
				FD816DE82571905C00E1EDE9 /* SessionWorker.swift in Sources */,
				FD816DA02571836200E1EDE9 /* LoginService.swift in Sources */,
				FD3850422573A8E600999EF8 /* Competition.swift in Sources */,
				FD3850512573A93B00999EF8 /* BetItem.swift in Sources */,
				FD816E2C25725DC800E1EDE9 /* GameTableViewCell.swift in Sources */,
				FD816E0A257194DF00E1EDE9 /* HeadlinesAPI.swift in Sources */,
				FD816DD02571887A00E1EDE9 /* HomeWorker.swift in Sources */,
				FD816DD32571887A00E1EDE9 /* HomeViewController.swift in Sources */,
				FD816DD22571887A00E1EDE9 /* HomeModels.swift in Sources */,
				FD3850602573A97500999EF8 /* QuarterScore.swift in Sources */,
				FD3850562573A95300999EF8 /* AdditionalCaptions.swift in Sources */,
				FD816E05257193F400E1EDE9 /* HeadlinesResponse.swift in Sources */,
				FDD4FDE92572BBAB00942611 /* RoundedView.swift in Sources */,
				FD816E3625725F3800E1EDE9 /* Class+Name.swift in Sources */,
				FD816D92257180DE00E1EDE9 /* UserDefaults+AppAdditions.swift in Sources */,
				FD816DB42571841100E1EDE9 /* LoginInteractor.swift in Sources */,
				FD816D492571783700E1EDE9 /* APIConfig.swift in Sources */,
				FD816D532571785D00E1EDE9 /* URLSessionAPIClient.swift in Sources */,
				FD816D8C2571804800E1EDE9 /* LoginResponse.swift in Sources */,
			);
			runOnlyForDeploymentPostprocessing = 0;
		};
		FD816D1A257177B400E1EDE9 /* Sources */ = {
			isa = PBXSourcesBuildPhase;
			buildActionMask = 2147483647;
			files = (
				FD816D23257177B400E1EDE9 /* NovibetAssignmentTests.swift in Sources */,
			);
			runOnlyForDeploymentPostprocessing = 0;
		};
		FD816D25257177B400E1EDE9 /* Sources */ = {
			isa = PBXSourcesBuildPhase;
			buildActionMask = 2147483647;
			files = (
				FD816D2E257177B400E1EDE9 /* NovibetAssignmentUITests.swift in Sources */,
			);
			runOnlyForDeploymentPostprocessing = 0;
		};
/* End PBXSourcesBuildPhase section */

/* Begin PBXTargetDependency section */
		FD816D20257177B400E1EDE9 /* PBXTargetDependency */ = {
			isa = PBXTargetDependency;
			target = FD816D07257177B100E1EDE9 /* NovibetAssignment */;
			targetProxy = FD816D1F257177B400E1EDE9 /* PBXContainerItemProxy */;
		};
		FD816D2B257177B400E1EDE9 /* PBXTargetDependency */ = {
			isa = PBXTargetDependency;
			target = FD816D07257177B100E1EDE9 /* NovibetAssignment */;
			targetProxy = FD816D2A257177B400E1EDE9 /* PBXContainerItemProxy */;
		};
/* End PBXTargetDependency section */

/* Begin PBXVariantGroup section */
		FD816D16257177B400E1EDE9 /* LaunchScreen.storyboard */ = {
			isa = PBXVariantGroup;
			children = (
				FD816D17257177B400E1EDE9 /* Base */,
			);
			name = LaunchScreen.storyboard;
			sourceTree = "<group>";
		};
/* End PBXVariantGroup section */

/* Begin XCBuildConfiguration section */
		FD816D30257177B400E1EDE9 /* Debug */ = {
			isa = XCBuildConfiguration;
			buildSettings = {
				ALWAYS_SEARCH_USER_PATHS = NO;
				CLANG_ANALYZER_NONNULL = YES;
				CLANG_ANALYZER_NUMBER_OBJECT_CONVERSION = YES_AGGRESSIVE;
				CLANG_CXX_LANGUAGE_STANDARD = "gnu++14";
				CLANG_CXX_LIBRARY = "libc++";
				CLANG_ENABLE_MODULES = YES;
				CLANG_ENABLE_OBJC_ARC = YES;
				CLANG_ENABLE_OBJC_WEAK = YES;
				CLANG_WARN_BLOCK_CAPTURE_AUTORELEASING = YES;
				CLANG_WARN_BOOL_CONVERSION = YES;
				CLANG_WARN_COMMA = YES;
				CLANG_WARN_CONSTANT_CONVERSION = YES;
				CLANG_WARN_DEPRECATED_OBJC_IMPLEMENTATIONS = YES;
				CLANG_WARN_DIRECT_OBJC_ISA_USAGE = YES_ERROR;
				CLANG_WARN_DOCUMENTATION_COMMENTS = YES;
				CLANG_WARN_EMPTY_BODY = YES;
				CLANG_WARN_ENUM_CONVERSION = YES;
				CLANG_WARN_INFINITE_RECURSION = YES;
				CLANG_WARN_INT_CONVERSION = YES;
				CLANG_WARN_NON_LITERAL_NULL_CONVERSION = YES;
				CLANG_WARN_OBJC_IMPLICIT_RETAIN_SELF = YES;
				CLANG_WARN_OBJC_LITERAL_CONVERSION = YES;
				CLANG_WARN_OBJC_ROOT_CLASS = YES_ERROR;
				CLANG_WARN_QUOTED_INCLUDE_IN_FRAMEWORK_HEADER = YES;
				CLANG_WARN_RANGE_LOOP_ANALYSIS = YES;
				CLANG_WARN_STRICT_PROTOTYPES = YES;
				CLANG_WARN_SUSPICIOUS_MOVE = YES;
				CLANG_WARN_UNGUARDED_AVAILABILITY = YES_AGGRESSIVE;
				CLANG_WARN_UNREACHABLE_CODE = YES;
				CLANG_WARN__DUPLICATE_METHOD_MATCH = YES;
				COPY_PHASE_STRIP = NO;
				DEBUG_INFORMATION_FORMAT = dwarf;
				ENABLE_STRICT_OBJC_MSGSEND = YES;
				ENABLE_TESTABILITY = YES;
				GCC_C_LANGUAGE_STANDARD = gnu11;
				GCC_DYNAMIC_NO_PIC = NO;
				GCC_NO_COMMON_BLOCKS = YES;
				GCC_OPTIMIZATION_LEVEL = 0;
				GCC_PREPROCESSOR_DEFINITIONS = (
					"DEBUG=1",
					"$(inherited)",
				);
				GCC_WARN_64_TO_32_BIT_CONVERSION = YES;
				GCC_WARN_ABOUT_RETURN_TYPE = YES_ERROR;
				GCC_WARN_UNDECLARED_SELECTOR = YES;
				GCC_WARN_UNINITIALIZED_AUTOS = YES_AGGRESSIVE;
				GCC_WARN_UNUSED_FUNCTION = YES;
				GCC_WARN_UNUSED_VARIABLE = YES;
				IPHONEOS_DEPLOYMENT_TARGET = 11.0;
				MTL_ENABLE_DEBUG_INFO = INCLUDE_SOURCE;
				MTL_FAST_MATH = YES;
				ONLY_ACTIVE_ARCH = YES;
				SDKROOT = iphoneos;
				SWIFT_ACTIVE_COMPILATION_CONDITIONS = DEBUG;
				SWIFT_OPTIMIZATION_LEVEL = "-Onone";
			};
			name = Debug;
		};
		FD816D31257177B400E1EDE9 /* Release */ = {
			isa = XCBuildConfiguration;
			buildSettings = {
				ALWAYS_SEARCH_USER_PATHS = NO;
				CLANG_ANALYZER_NONNULL = YES;
				CLANG_ANALYZER_NUMBER_OBJECT_CONVERSION = YES_AGGRESSIVE;
				CLANG_CXX_LANGUAGE_STANDARD = "gnu++14";
				CLANG_CXX_LIBRARY = "libc++";
				CLANG_ENABLE_MODULES = YES;
				CLANG_ENABLE_OBJC_ARC = YES;
				CLANG_ENABLE_OBJC_WEAK = YES;
				CLANG_WARN_BLOCK_CAPTURE_AUTORELEASING = YES;
				CLANG_WARN_BOOL_CONVERSION = YES;
				CLANG_WARN_COMMA = YES;
				CLANG_WARN_CONSTANT_CONVERSION = YES;
				CLANG_WARN_DEPRECATED_OBJC_IMPLEMENTATIONS = YES;
				CLANG_WARN_DIRECT_OBJC_ISA_USAGE = YES_ERROR;
				CLANG_WARN_DOCUMENTATION_COMMENTS = YES;
				CLANG_WARN_EMPTY_BODY = YES;
				CLANG_WARN_ENUM_CONVERSION = YES;
				CLANG_WARN_INFINITE_RECURSION = YES;
				CLANG_WARN_INT_CONVERSION = YES;
				CLANG_WARN_NON_LITERAL_NULL_CONVERSION = YES;
				CLANG_WARN_OBJC_IMPLICIT_RETAIN_SELF = YES;
				CLANG_WARN_OBJC_LITERAL_CONVERSION = YES;
				CLANG_WARN_OBJC_ROOT_CLASS = YES_ERROR;
				CLANG_WARN_QUOTED_INCLUDE_IN_FRAMEWORK_HEADER = YES;
				CLANG_WARN_RANGE_LOOP_ANALYSIS = YES;
				CLANG_WARN_STRICT_PROTOTYPES = YES;
				CLANG_WARN_SUSPICIOUS_MOVE = YES;
				CLANG_WARN_UNGUARDED_AVAILABILITY = YES_AGGRESSIVE;
				CLANG_WARN_UNREACHABLE_CODE = YES;
				CLANG_WARN__DUPLICATE_METHOD_MATCH = YES;
				COPY_PHASE_STRIP = NO;
				DEBUG_INFORMATION_FORMAT = "dwarf-with-dsym";
				ENABLE_NS_ASSERTIONS = NO;
				ENABLE_STRICT_OBJC_MSGSEND = YES;
				GCC_C_LANGUAGE_STANDARD = gnu11;
				GCC_NO_COMMON_BLOCKS = YES;
				GCC_WARN_64_TO_32_BIT_CONVERSION = YES;
				GCC_WARN_ABOUT_RETURN_TYPE = YES_ERROR;
				GCC_WARN_UNDECLARED_SELECTOR = YES;
				GCC_WARN_UNINITIALIZED_AUTOS = YES_AGGRESSIVE;
				GCC_WARN_UNUSED_FUNCTION = YES;
				GCC_WARN_UNUSED_VARIABLE = YES;
				IPHONEOS_DEPLOYMENT_TARGET = 11.0;
				MTL_ENABLE_DEBUG_INFO = NO;
				MTL_FAST_MATH = YES;
				SDKROOT = iphoneos;
				SWIFT_COMPILATION_MODE = wholemodule;
				SWIFT_OPTIMIZATION_LEVEL = "-O";
				VALIDATE_PRODUCT = YES;
			};
			name = Release;
		};
		FD816D33257177B400E1EDE9 /* Debug */ = {
			isa = XCBuildConfiguration;
			buildSettings = {
				ASSETCATALOG_COMPILER_APPICON_NAME = AppIcon;
				ASSETCATALOG_COMPILER_GLOBAL_ACCENT_COLOR_NAME = AccentColor;
				CODE_SIGN_STYLE = Automatic;
				DEVELOPMENT_TEAM = W2RWNXDU88;
				INFOPLIST_FILE = NovibetAssignment/Info.plist;
				IPHONEOS_DEPLOYMENT_TARGET = 11.0;
				LD_RUNPATH_SEARCH_PATHS = (
					"$(inherited)",
					"@executable_path/Frameworks",
				);
				PRODUCT_BUNDLE_IDENTIFIER = com.stelios.NovibetAssignment;
				PRODUCT_NAME = "$(TARGET_NAME)";
				SWIFT_VERSION = 4.2;
				TARGETED_DEVICE_FAMILY = 1;
			};
			name = Debug;
		};
		FD816D34257177B400E1EDE9 /* Release */ = {
			isa = XCBuildConfiguration;
			buildSettings = {
				ASSETCATALOG_COMPILER_APPICON_NAME = AppIcon;
				ASSETCATALOG_COMPILER_GLOBAL_ACCENT_COLOR_NAME = AccentColor;
				CODE_SIGN_STYLE = Automatic;
				DEVELOPMENT_TEAM = W2RWNXDU88;
				INFOPLIST_FILE = NovibetAssignment/Info.plist;
				IPHONEOS_DEPLOYMENT_TARGET = 11.0;
				LD_RUNPATH_SEARCH_PATHS = (
					"$(inherited)",
					"@executable_path/Frameworks",
				);
				PRODUCT_BUNDLE_IDENTIFIER = com.stelios.NovibetAssignment;
				PRODUCT_NAME = "$(TARGET_NAME)";
				SWIFT_VERSION = 4.2;
				TARGETED_DEVICE_FAMILY = 1;
			};
			name = Release;
		};
		FD816D36257177B400E1EDE9 /* Debug */ = {
			isa = XCBuildConfiguration;
			buildSettings = {
				ALWAYS_EMBED_SWIFT_STANDARD_LIBRARIES = YES;
				BUNDLE_LOADER = "$(TEST_HOST)";
				CODE_SIGN_STYLE = Automatic;
				DEVELOPMENT_TEAM = W2RWNXDU88;
				INFOPLIST_FILE = NovibetAssignmentTests/Info.plist;
				IPHONEOS_DEPLOYMENT_TARGET = 14.2;
				LD_RUNPATH_SEARCH_PATHS = (
					"$(inherited)",
					"@executable_path/Frameworks",
					"@loader_path/Frameworks",
				);
				PRODUCT_BUNDLE_IDENTIFIER = com.stelios.NovibetAssignmentTests;
				PRODUCT_NAME = "$(TARGET_NAME)";
				SWIFT_VERSION = 5.0;
				TARGETED_DEVICE_FAMILY = "1,2";
				TEST_HOST = "$(BUILT_PRODUCTS_DIR)/NovibetAssignment.app/NovibetAssignment";
			};
			name = Debug;
		};
		FD816D37257177B400E1EDE9 /* Release */ = {
			isa = XCBuildConfiguration;
			buildSettings = {
				ALWAYS_EMBED_SWIFT_STANDARD_LIBRARIES = YES;
				BUNDLE_LOADER = "$(TEST_HOST)";
				CODE_SIGN_STYLE = Automatic;
				DEVELOPMENT_TEAM = W2RWNXDU88;
				INFOPLIST_FILE = NovibetAssignmentTests/Info.plist;
				IPHONEOS_DEPLOYMENT_TARGET = 14.2;
				LD_RUNPATH_SEARCH_PATHS = (
					"$(inherited)",
					"@executable_path/Frameworks",
					"@loader_path/Frameworks",
				);
				PRODUCT_BUNDLE_IDENTIFIER = com.stelios.NovibetAssignmentTests;
				PRODUCT_NAME = "$(TARGET_NAME)";
				SWIFT_VERSION = 5.0;
				TARGETED_DEVICE_FAMILY = "1,2";
				TEST_HOST = "$(BUILT_PRODUCTS_DIR)/NovibetAssignment.app/NovibetAssignment";
			};
			name = Release;
		};
		FD816D39257177B400E1EDE9 /* Debug */ = {
			isa = XCBuildConfiguration;
			buildSettings = {
				ALWAYS_EMBED_SWIFT_STANDARD_LIBRARIES = YES;
				CODE_SIGN_STYLE = Automatic;
				DEVELOPMENT_TEAM = W2RWNXDU88;
				INFOPLIST_FILE = NovibetAssignmentUITests/Info.plist;
				LD_RUNPATH_SEARCH_PATHS = (
					"$(inherited)",
					"@executable_path/Frameworks",
					"@loader_path/Frameworks",
				);
				PRODUCT_BUNDLE_IDENTIFIER = com.stelios.NovibetAssignmentUITests;
				PRODUCT_NAME = "$(TARGET_NAME)";
				SWIFT_VERSION = 5.0;
				TARGETED_DEVICE_FAMILY = "1,2";
				TEST_TARGET_NAME = NovibetAssignment;
			};
			name = Debug;
		};
		FD816D3A257177B400E1EDE9 /* Release */ = {
			isa = XCBuildConfiguration;
			buildSettings = {
				ALWAYS_EMBED_SWIFT_STANDARD_LIBRARIES = YES;
				CODE_SIGN_STYLE = Automatic;
				DEVELOPMENT_TEAM = W2RWNXDU88;
				INFOPLIST_FILE = NovibetAssignmentUITests/Info.plist;
				LD_RUNPATH_SEARCH_PATHS = (
					"$(inherited)",
					"@executable_path/Frameworks",
					"@loader_path/Frameworks",
				);
				PRODUCT_BUNDLE_IDENTIFIER = com.stelios.NovibetAssignmentUITests;
				PRODUCT_NAME = "$(TARGET_NAME)";
				SWIFT_VERSION = 5.0;
				TARGETED_DEVICE_FAMILY = "1,2";
				TEST_TARGET_NAME = NovibetAssignment;
			};
			name = Release;
		};
/* End XCBuildConfiguration section */

/* Begin XCConfigurationList section */
		FD816D03257177B100E1EDE9 /* Build configuration list for PBXProject "NovibetAssignment" */ = {
			isa = XCConfigurationList;
			buildConfigurations = (
				FD816D30257177B400E1EDE9 /* Debug */,
				FD816D31257177B400E1EDE9 /* Release */,
			);
			defaultConfigurationIsVisible = 0;
			defaultConfigurationName = Release;
		};
		FD816D32257177B400E1EDE9 /* Build configuration list for PBXNativeTarget "NovibetAssignment" */ = {
			isa = XCConfigurationList;
			buildConfigurations = (
				FD816D33257177B400E1EDE9 /* Debug */,
				FD816D34257177B400E1EDE9 /* Release */,
			);
			defaultConfigurationIsVisible = 0;
			defaultConfigurationName = Release;
		};
		FD816D35257177B400E1EDE9 /* Build configuration list for PBXNativeTarget "NovibetAssignmentTests" */ = {
			isa = XCConfigurationList;
			buildConfigurations = (
				FD816D36257177B400E1EDE9 /* Debug */,
				FD816D37257177B400E1EDE9 /* Release */,
			);
			defaultConfigurationIsVisible = 0;
			defaultConfigurationName = Release;
		};
		FD816D38257177B400E1EDE9 /* Build configuration list for PBXNativeTarget "NovibetAssignmentUITests" */ = {
			isa = XCConfigurationList;
			buildConfigurations = (
				FD816D39257177B400E1EDE9 /* Debug */,
				FD816D3A257177B400E1EDE9 /* Release */,
			);
			defaultConfigurationIsVisible = 0;
			defaultConfigurationName = Release;
		};
/* End XCConfigurationList section */
	};
	rootObject = FD816D00257177B100E1EDE9 /* Project object */;
}
